
Microsoft Visual Studio Solution File, Format Version 12.00
# Visual Studio Version 17
VisualStudioVersion = 17.10.35013.160
MinimumVisualStudioVersion = 10.0.40219.1
Project("{2150E333-8FDC-42A3-9474-1A3956D46DE8}") = "Services", "Services", "{035AA33D-59F4-4C7D-A817-C041E4197252}"
EndProject
Project("{2150E333-8FDC-42A3-9474-1A3956D46DE8}") = "Catalog", "Catalog", "{186A2EF1-5575-4AC5-B072-9D6272897BD8}"
EndProject
Project("{9A19103F-16F7-4668-BE54-9A1E7A4F7556}") = "Catalog.API", "Services\Catalog\Catalog.API\Catalog.API.csproj", "{0732B768-607C-4A75-BD4F-BCAC1DE97281}"
EndProject
Project("{2150E333-8FDC-42A3-9474-1A3956D46DE8}") = "BuildingBlocks", "BuildingBlocks", "{5D3D7CA6-F1D7-4A72-B1AA-02E32CE84CFB}"
EndProject
Project("{9A19103F-16F7-4668-BE54-9A1E7A4F7556}") = "BuildingBlocks", "BuildingBlocks\BuildingBlocks\BuildingBlocks.csproj", "{A83B1B46-6B8C-4C7D-9E3A-4C15D2898CD0}"
EndProject
Project("{E53339B2-1760-4266-BCC7-CA923CBCF16C}") = "docker-compose", "docker-compose.dcproj", "{CCAC7FA8-8349-4E05-A8EB-D022C417354E}"
EndProject
Global
	GlobalSection(SolutionConfigurationPlatforms) = preSolution
		Debug|Any CPU = Debug|Any CPU
		Release|Any CPU = Release|Any CPU
	EndGlobalSection
	GlobalSection(ProjectConfigurationPlatforms) = postSolution
		{0732B768-607C-4A75-BD4F-BCAC1DE97281}.Debug|Any CPU.ActiveCfg = Debug|Any CPU
		{0732B768-607C-4A75-BD4F-BCAC1DE97281}.Debug|Any CPU.Build.0 = Debug|Any CPU
		{0732B768-607C-4A75-BD4F-BCAC1DE97281}.Release|Any CPU.ActiveCfg = Release|Any CPU
		{0732B768-607C-4A75-BD4F-BCAC1DE97281}.Release|Any CPU.Build.0 = Release|Any CPU
		{A83B1B46-6B8C-4C7D-9E3A-4C15D2898CD0}.Debug|Any CPU.ActiveCfg = Debug|Any CPU
		{A83B1B46-6B8C-4C7D-9E3A-4C15D2898CD0}.Debug|Any CPU.Build.0 = Debug|Any CPU
		{A83B1B46-6B8C-4C7D-9E3A-4C15D2898CD0}.Release|Any CPU.ActiveCfg = Release|Any CPU
		{A83B1B46-6B8C-4C7D-9E3A-4C15D2898CD0}.Release|Any CPU.Build.0 = Release|Any CPU
		{CCAC7FA8-8349-4E05-A8EB-D022C417354E}.Debug|Any CPU.ActiveCfg = Debug|Any CPU
		{CCAC7FA8-8349-4E05-A8EB-D022C417354E}.Debug|Any CPU.Build.0 = Debug|Any CPU
		{CCAC7FA8-8349-4E05-A8EB-D022C417354E}.Release|Any CPU.ActiveCfg = Release|Any CPU
		{CCAC7FA8-8349-4E05-A8EB-D022C417354E}.Release|Any CPU.Build.0 = Release|Any CPU
	EndGlobalSection
	GlobalSection(SolutionProperties) = preSolution
		HideSolutionNode = FALSE
	EndGlobalSection
	GlobalSection(NestedProjects) = preSolution
		{186A2EF1-5575-4AC5-B072-9D6272897BD8} = {035AA33D-59F4-4C7D-A817-C041E4197252}
		{0732B768-607C-4A75-BD4F-BCAC1DE97281} = {186A2EF1-5575-4AC5-B072-9D6272897BD8}
		{A83B1B46-6B8C-4C7D-9E3A-4C15D2898CD0} = {5D3D7CA6-F1D7-4A72-B1AA-02E32CE84CFB}
	EndGlobalSection
	GlobalSection(ExtensibilityGlobals) = postSolution
		SolutionGuid = {70E47AF7-5588-4A85-B9D5-F235C0D9DF81}
	EndGlobalSection
EndGlobal
